
Microsoft Visual Studio Solution File, Format Version 12.00
# Visual Studio 15
VisualStudioVersion = 15.0.28010.2036
MinimumVisualStudioVersion = 10.0.40219.1
Project("{FAE04EC0-301F-11D3-BF4B-00C04F79EFBC}") = "Grupp1 - SudokuSolver2", "Grupp1 - SudokuSolver2\Grupp1 - SudokuSolver2.csproj", "{C3BBF964-66BC-4908-BF53-4B6134C79E9F}"
EndProject
Global
	GlobalSection(SolutionConfigurationPlatforms) = preSolution
		Debug|Any CPU = Debug|Any CPU
		Release|Any CPU = Release|Any CPU
	EndGlobalSection
	GlobalSection(ProjectConfigurationPlatforms) = postSolution
		{C3BBF964-66BC-4908-BF53-4B6134C79E9F}.Debug|Any CPU.ActiveCfg = Debug|Any CPU
		{C3BBF964-66BC-4908-BF53-4B6134C79E9F}.Debug|Any CPU.Build.0 = Debug|Any CPU
		{C3BBF964-66BC-4908-BF53-4B6134C79E9F}.Release|Any CPU.ActiveCfg = Release|Any CPU
		{C3BBF964-66BC-4908-BF53-4B6134C79E9F}.Release|Any CPU.Build.0 = Release|Any CPU
	EndGlobalSection
	GlobalSection(SolutionProperties) = preSolution
		HideSolutionNode = FALSE
	EndGlobalSection
	GlobalSection(ExtensibilityGlobals) = postSolution
		SolutionGuid = {D5E6113E-E160-4DC0-B2BD-445E705D33D4}
	EndGlobalSection
EndGlobal
